// !$*UTF8*$!
{
	archiveVersion = 1;
	classes = {
	};
	objectVersion = 51;
	objects = {

/* Begin PBXBuildFile section */
		010D6C89F5D83C609FED47FB /* Pods_SwensonTask.framework in Frameworks */ = {isa = PBXBuildFile; fileRef = 81938D9BA59F6756F2C718F2 /* Pods_SwensonTask.framework */; };
		1B357930268BC6F700752653 /* UIViewController+Ext.swift in Sources */ = {isa = PBXBuildFile; fileRef = 1B35792F268BC6F700752653 /* UIViewController+Ext.swift */; };
		1B357935268BC86500752653 /* Roboto-Medium.ttf in Resources */ = {isa = PBXBuildFile; fileRef = 1B357932268BC86500752653 /* Roboto-Medium.ttf */; };
		1B357936268BC86500752653 /* Roboto-Bold.ttf in Resources */ = {isa = PBXBuildFile; fileRef = 1B357933268BC86500752653 /* Roboto-Bold.ttf */; };
		1B357937268BC86500752653 /* Roboto-Regular.ttf in Resources */ = {isa = PBXBuildFile; fileRef = 1B357934268BC86500752653 /* Roboto-Regular.ttf */; };
		1B8695C9268A68A3005856B6 /* AppDelegate.swift in Sources */ = {isa = PBXBuildFile; fileRef = 1B8695C8268A68A3005856B6 /* AppDelegate.swift */; };
		1B8695D2268A68A7005856B6 /* Assets.xcassets in Resources */ = {isa = PBXBuildFile; fileRef = 1B8695D1268A68A7005856B6 /* Assets.xcassets */; };
		1B8695D5268A68A7005856B6 /* LaunchScreen.storyboard in Resources */ = {isa = PBXBuildFile; fileRef = 1B8695D3268A68A7005856B6 /* LaunchScreen.storyboard */; };
		1B8695DE268A69D4005856B6 /* ArithmeticOperators.swift in Sources */ = {isa = PBXBuildFile; fileRef = 1B8695DD268A69D4005856B6 /* ArithmeticOperators.swift */; };
		1B8695E1268A6BEC005856B6 /* Anagrams.swift in Sources */ = {isa = PBXBuildFile; fileRef = 1B8695E0268A6BEC005856B6 /* Anagrams.swift */; };
		1B8695E4268A714C005856B6 /* Fibonacci.swift in Sources */ = {isa = PBXBuildFile; fileRef = 1B8695E3268A714C005856B6 /* Fibonacci.swift */; };
		1B8695E7268A79BA005856B6 /* Currency.storyboard in Resources */ = {isa = PBXBuildFile; fileRef = 1B8695E6268A79BA005856B6 /* Currency.storyboard */; };
		1B8695E9268A79FF005856B6 /* CurrencyVC.swift in Sources */ = {isa = PBXBuildFile; fileRef = 1B8695E8268A79FF005856B6 /* CurrencyVC.swift */; };
		1B8695EC268A7A58005856B6 /* Gradiant.swift in Sources */ = {isa = PBXBuildFile; fileRef = 1B8695EB268A7A58005856B6 /* Gradiant.swift */; };
		1B8695F0268A7BEE005856B6 /* UITableView+Ext.swift in Sources */ = {isa = PBXBuildFile; fileRef = 1B8695EF268A7BEE005856B6 /* UITableView+Ext.swift */; };
		1B8695F7268A7C4F005856B6 /* CurrencyTableViewCell.swift in Sources */ = {isa = PBXBuildFile; fileRef = 1B8695F5268A7C4F005856B6 /* CurrencyTableViewCell.swift */; };
		1B8695F8268A7C4F005856B6 /* CurrencyTableViewCell.xib in Resources */ = {isa = PBXBuildFile; fileRef = 1B8695F6268A7C4F005856B6 /* CurrencyTableViewCell.xib */; };
		1B8695FA268A7C99005856B6 /* CurrencyViewModel.swift in Sources */ = {isa = PBXBuildFile; fileRef = 1B8695F9268A7C99005856B6 /* CurrencyViewModel.swift */; };
		1B8695FD268A7CE6005856B6 /* ApiRouter.swift in Sources */ = {isa = PBXBuildFile; fileRef = 1B8695FC268A7CE6005856B6 /* ApiRouter.swift */; };
		1B8695FF268A7DAF005856B6 /* Constants.swift in Sources */ = {isa = PBXBuildFile; fileRef = 1B8695FE268A7DAF005856B6 /* Constants.swift */; };
		1B869601268A7E79005856B6 /* CurrencyModel.swift in Sources */ = {isa = PBXBuildFile; fileRef = 1B869600268A7E79005856B6 /* CurrencyModel.swift */; };
		1B869603268A82AB005856B6 /* UIView+Ext.swift in Sources */ = {isa = PBXBuildFile; fileRef = 1B869602268A82AB005856B6 /* UIView+Ext.swift */; };
		1B869605268A8599005856B6 /* Double+Ext.swift in Sources */ = {isa = PBXBuildFile; fileRef = 1B869604268A8599005856B6 /* Double+Ext.swift */; };
		1B869607268A87DE005856B6 /* Helper.swift in Sources */ = {isa = PBXBuildFile; fileRef = 1B869606268A87DE005856B6 /* Helper.swift */; };
		1BEF7C5A268BD03E00FFE763 /* Converter.storyboard in Resources */ = {isa = PBXBuildFile; fileRef = 1BEF7C59268BD03E00FFE763 /* Converter.storyboard */; };
		1BEF7C5C268BD16300FFE763 /* CurrencyConverterVC.swift in Sources */ = {isa = PBXBuildFile; fileRef = 1BEF7C5B268BD16300FFE763 /* CurrencyConverterVC.swift */; };
/* End PBXBuildFile section */

/* Begin PBXFileReference section */
		1B35792F268BC6F700752653 /* UIViewController+Ext.swift */ = {isa = PBXFileReference; lastKnownFileType = sourcecode.swift; path = "UIViewController+Ext.swift"; sourceTree = "<group>"; };
		1B357932268BC86500752653 /* Roboto-Medium.ttf */ = {isa = PBXFileReference; lastKnownFileType = file; path = "Roboto-Medium.ttf"; sourceTree = "<group>"; };
		1B357933268BC86500752653 /* Roboto-Bold.ttf */ = {isa = PBXFileReference; lastKnownFileType = file; path = "Roboto-Bold.ttf"; sourceTree = "<group>"; };
		1B357934268BC86500752653 /* Roboto-Regular.ttf */ = {isa = PBXFileReference; lastKnownFileType = file; path = "Roboto-Regular.ttf"; sourceTree = "<group>"; };
		1B8695C5268A68A3005856B6 /* SwensonTask.app */ = {isa = PBXFileReference; explicitFileType = wrapper.application; includeInIndex = 0; path = SwensonTask.app; sourceTree = BUILT_PRODUCTS_DIR; };
		1B8695C8268A68A3005856B6 /* AppDelegate.swift */ = {isa = PBXFileReference; lastKnownFileType = sourcecode.swift; path = AppDelegate.swift; sourceTree = "<group>"; };
		1B8695D1268A68A7005856B6 /* Assets.xcassets */ = {isa = PBXFileReference; lastKnownFileType = folder.assetcatalog; path = Assets.xcassets; sourceTree = "<group>"; };
		1B8695D4268A68A7005856B6 /* Base */ = {isa = PBXFileReference; lastKnownFileType = file.storyboard; name = Base; path = Base.lproj/LaunchScreen.storyboard; sourceTree = "<group>"; };
		1B8695D6268A68A7005856B6 /* Info.plist */ = {isa = PBXFileReference; lastKnownFileType = text.plist.xml; path = Info.plist; sourceTree = "<group>"; };
		1B8695DD268A69D4005856B6 /* ArithmeticOperators.swift */ = {isa = PBXFileReference; lastKnownFileType = sourcecode.swift; path = ArithmeticOperators.swift; sourceTree = "<group>"; };
		1B8695E0268A6BEC005856B6 /* Anagrams.swift */ = {isa = PBXFileReference; lastKnownFileType = sourcecode.swift; path = Anagrams.swift; sourceTree = "<group>"; };
		1B8695E3268A714C005856B6 /* Fibonacci.swift */ = {isa = PBXFileReference; lastKnownFileType = sourcecode.swift; path = Fibonacci.swift; sourceTree = "<group>"; };
		1B8695E6268A79BA005856B6 /* Currency.storyboard */ = {isa = PBXFileReference; lastKnownFileType = file.storyboard; path = Currency.storyboard; sourceTree = "<group>"; };
		1B8695E8268A79FF005856B6 /* CurrencyVC.swift */ = {isa = PBXFileReference; lastKnownFileType = sourcecode.swift; path = CurrencyVC.swift; sourceTree = "<group>"; };
		1B8695EB268A7A58005856B6 /* Gradiant.swift */ = {isa = PBXFileReference; lastKnownFileType = sourcecode.swift; path = Gradiant.swift; sourceTree = "<group>"; };
		1B8695EF268A7BEE005856B6 /* UITableView+Ext.swift */ = {isa = PBXFileReference; lastKnownFileType = sourcecode.swift; path = "UITableView+Ext.swift"; sourceTree = "<group>"; };
		1B8695F5268A7C4F005856B6 /* CurrencyTableViewCell.swift */ = {isa = PBXFileReference; lastKnownFileType = sourcecode.swift; path = CurrencyTableViewCell.swift; sourceTree = "<group>"; };
		1B8695F6268A7C4F005856B6 /* CurrencyTableViewCell.xib */ = {isa = PBXFileReference; lastKnownFileType = file.xib; path = CurrencyTableViewCell.xib; sourceTree = "<group>"; };
		1B8695F9268A7C99005856B6 /* CurrencyViewModel.swift */ = {isa = PBXFileReference; lastKnownFileType = sourcecode.swift; path = CurrencyViewModel.swift; sourceTree = "<group>"; };
		1B8695FC268A7CE6005856B6 /* ApiRouter.swift */ = {isa = PBXFileReference; lastKnownFileType = sourcecode.swift; path = ApiRouter.swift; sourceTree = "<group>"; };
		1B8695FE268A7DAF005856B6 /* Constants.swift */ = {isa = PBXFileReference; lastKnownFileType = sourcecode.swift; path = Constants.swift; sourceTree = "<group>"; };
		1B869600268A7E79005856B6 /* CurrencyModel.swift */ = {isa = PBXFileReference; lastKnownFileType = sourcecode.swift; path = CurrencyModel.swift; sourceTree = "<group>"; };
		1B869602268A82AB005856B6 /* UIView+Ext.swift */ = {isa = PBXFileReference; lastKnownFileType = sourcecode.swift; path = "UIView+Ext.swift"; sourceTree = "<group>"; };
		1B869604268A8599005856B6 /* Double+Ext.swift */ = {isa = PBXFileReference; lastKnownFileType = sourcecode.swift; path = "Double+Ext.swift"; sourceTree = "<group>"; };
		1B869606268A87DE005856B6 /* Helper.swift */ = {isa = PBXFileReference; lastKnownFileType = sourcecode.swift; path = Helper.swift; sourceTree = "<group>"; };
		1BEF7C59268BD03E00FFE763 /* Converter.storyboard */ = {isa = PBXFileReference; lastKnownFileType = file.storyboard; path = Converter.storyboard; sourceTree = "<group>"; };
		1BEF7C5B268BD16300FFE763 /* CurrencyConverterVC.swift */ = {isa = PBXFileReference; lastKnownFileType = sourcecode.swift; path = CurrencyConverterVC.swift; sourceTree = "<group>"; };
		4D3FE374DE5C86E58B4660D9 /* Pods-SwensonTask.release.xcconfig */ = {isa = PBXFileReference; includeInIndex = 1; lastKnownFileType = text.xcconfig; name = "Pods-SwensonTask.release.xcconfig"; path = "Target Support Files/Pods-SwensonTask/Pods-SwensonTask.release.xcconfig"; sourceTree = "<group>"; };
		81938D9BA59F6756F2C718F2 /* Pods_SwensonTask.framework */ = {isa = PBXFileReference; explicitFileType = wrapper.framework; includeInIndex = 0; path = Pods_SwensonTask.framework; sourceTree = BUILT_PRODUCTS_DIR; };
		D82157075E8D4C3B0AF8008D /* Pods-SwensonTask.debug.xcconfig */ = {isa = PBXFileReference; includeInIndex = 1; lastKnownFileType = text.xcconfig; name = "Pods-SwensonTask.debug.xcconfig"; path = "Target Support Files/Pods-SwensonTask/Pods-SwensonTask.debug.xcconfig"; sourceTree = "<group>"; };
/* End PBXFileReference section */

/* Begin PBXFrameworksBuildPhase section */
		1B8695C2268A68A3005856B6 /* Frameworks */ = {
			isa = PBXFrameworksBuildPhase;
			buildActionMask = 2147483647;
			files = (
				010D6C89F5D83C609FED47FB /* Pods_SwensonTask.framework in Frameworks */,
			);
			runOnlyForDeploymentPostprocessing = 0;
		};
/* End PBXFrameworksBuildPhase section */

/* Begin PBXGroup section */
		1B357931268BC80C00752653 /* Fonts */ = {
			isa = PBXGroup;
			children = (
				1B357933268BC86500752653 /* Roboto-Bold.ttf */,
				1B357932268BC86500752653 /* Roboto-Medium.ttf */,
				1B357934268BC86500752653 /* Roboto-Regular.ttf */,
			);
			path = Fonts;
			sourceTree = "<group>";
		};
		1B8695BC268A68A3005856B6 = {
			isa = PBXGroup;
			children = (
				1B8695C7268A68A3005856B6 /* SwensonTask */,
				1B8695C6268A68A3005856B6 /* Products */,
				35D6A3C0D4B9B1001B2D0BF7 /* Pods */,
				E39861E9FC4787C0F84F86A5 /* Frameworks */,
			);
			sourceTree = "<group>";
		};
		1B8695C6268A68A3005856B6 /* Products */ = {
			isa = PBXGroup;
			children = (
				1B8695C5268A68A3005856B6 /* SwensonTask.app */,
			);
			name = Products;
			sourceTree = "<group>";
		};
		1B8695C7268A68A3005856B6 /* SwensonTask */ = {
			isa = PBXGroup;
			children = (
				1B8695DC268A699E005856B6 /* I.ArithmeticOperators */,
				1B8695DF268A6BDC005856B6 /* II.Anagrams */,
				1B8695E2268A7124005856B6 /* III.Fibonacci */,
				1B8695E5268A7990005856B6 /* Converter */,
				1B8695C8268A68A3005856B6 /* AppDelegate.swift */,
				1B8695D1268A68A7005856B6 /* Assets.xcassets */,
				1B8695D3268A68A7005856B6 /* LaunchScreen.storyboard */,
				1B8695D6268A68A7005856B6 /* Info.plist */,
			);
			path = SwensonTask;
			sourceTree = "<group>";
		};
		1B8695DC268A699E005856B6 /* I.ArithmeticOperators */ = {
			isa = PBXGroup;
			children = (
				1B8695DD268A69D4005856B6 /* ArithmeticOperators.swift */,
			);
			path = I.ArithmeticOperators;
			sourceTree = "<group>";
		};
		1B8695DF268A6BDC005856B6 /* II.Anagrams */ = {
			isa = PBXGroup;
			children = (
				1B8695E0268A6BEC005856B6 /* Anagrams.swift */,
			);
			path = II.Anagrams;
			sourceTree = "<group>";
		};
		1B8695E2268A7124005856B6 /* III.Fibonacci */ = {
			isa = PBXGroup;
			children = (
				1B8695E3268A714C005856B6 /* Fibonacci.swift */,
			);
			path = III.Fibonacci;
			sourceTree = "<group>";
		};
		1B8695E5268A7990005856B6 /* Converter */ = {
			isa = PBXGroup;
			children = (
				1BEF7C58268BD02900FFE763 /* CurrencyConverrterr */,
				1B8695FB268A7CD6005856B6 /* Service */,
				1B8695EA268A7A4D005856B6 /* Utilities */,
				1B8695F1268A7C16005856B6 /* Currency */,
			);
			path = Converter;
			sourceTree = "<group>";
		};
		1B8695EA268A7A4D005856B6 /* Utilities */ = {
			isa = PBXGroup;
			children = (
				1B357931268BC80C00752653 /* Fonts */,
				1B8695EB268A7A58005856B6 /* Gradiant.swift */,
				1B8695EF268A7BEE005856B6 /* UITableView+Ext.swift */,
				1B8695FE268A7DAF005856B6 /* Constants.swift */,
				1B869602268A82AB005856B6 /* UIView+Ext.swift */,
				1B869604268A8599005856B6 /* Double+Ext.swift */,
				1B869606268A87DE005856B6 /* Helper.swift */,
				1B35792F268BC6F700752653 /* UIViewController+Ext.swift */,
			);
			path = Utilities;
			sourceTree = "<group>";
		};
		1B8695F1268A7C16005856B6 /* Currency */ = {
			isa = PBXGroup;
			children = (
				1B8695F4268A7C33005856B6 /* Model */,
				1B8695F3268A7C2B005856B6 /* ViewModel */,
				1B8695F2268A7C23005856B6 /* View */,
			);
			path = Currency;
			sourceTree = "<group>";
		};
		1B8695F2268A7C23005856B6 /* View */ = {
			isa = PBXGroup;
			children = (
				1B8695E6268A79BA005856B6 /* Currency.storyboard */,
				1B8695E8268A79FF005856B6 /* CurrencyVC.swift */,
				1B8695F5268A7C4F005856B6 /* CurrencyTableViewCell.swift */,
				1B8695F6268A7C4F005856B6 /* CurrencyTableViewCell.xib */,
			);
			path = View;
			sourceTree = "<group>";
		};
		1B8695F3268A7C2B005856B6 /* ViewModel */ = {
			isa = PBXGroup;
			children = (
				1B8695F9268A7C99005856B6 /* CurrencyViewModel.swift */,
			);
			path = ViewModel;
			sourceTree = "<group>";
		};
		1B8695F4268A7C33005856B6 /* Model */ = {
			isa = PBXGroup;
			children = (
				1B869600268A7E79005856B6 /* CurrencyModel.swift */,
			);
			path = Model;
			sourceTree = "<group>";
		};
		1B8695FB268A7CD6005856B6 /* Service */ = {
			isa = PBXGroup;
			children = (
				1B8695FC268A7CE6005856B6 /* ApiRouter.swift */,
			);
			path = Service;
			sourceTree = "<group>";
		};
		1BEF7C58268BD02900FFE763 /* CurrencyConverrterr */ = {
			isa = PBXGroup;
			children = (
				1BEF7C59268BD03E00FFE763 /* Converter.storyboard */,
				1BEF7C5B268BD16300FFE763 /* CurrencyConverterVC.swift */,
			);
			path = CurrencyConverrterr;
			sourceTree = "<group>";
		};
		35D6A3C0D4B9B1001B2D0BF7 /* Pods */ = {
			isa = PBXGroup;
			children = (
				D82157075E8D4C3B0AF8008D /* Pods-SwensonTask.debug.xcconfig */,
				4D3FE374DE5C86E58B4660D9 /* Pods-SwensonTask.release.xcconfig */,
			);
			path = Pods;
			sourceTree = "<group>";
		};
		E39861E9FC4787C0F84F86A5 /* Frameworks */ = {
			isa = PBXGroup;
			children = (
				81938D9BA59F6756F2C718F2 /* Pods_SwensonTask.framework */,
			);
			name = Frameworks;
			sourceTree = "<group>";
		};
/* End PBXGroup section */

/* Begin PBXNativeTarget section */
		1B8695C4268A68A3005856B6 /* SwensonTask */ = {
			isa = PBXNativeTarget;
			buildConfigurationList = 1B8695D9268A68A7005856B6 /* Build configuration list for PBXNativeTarget "SwensonTask" */;
			buildPhases = (
				99309D8FAE56B9016FB3E073 /* [CP] Check Pods Manifest.lock */,
				1B8695C1268A68A3005856B6 /* Sources */,
				1B8695C2268A68A3005856B6 /* Frameworks */,
				1B8695C3268A68A3005856B6 /* Resources */,
				3B465E806829B0CD59BF6931 /* [CP] Embed Pods Frameworks */,
			);
			buildRules = (
			);
			dependencies = (
			);
			name = SwensonTask;
			productName = SwensonTask;
			productReference = 1B8695C5268A68A3005856B6 /* SwensonTask.app */;
			productType = "com.apple.product-type.application";
		};
/* End PBXNativeTarget section */

/* Begin PBXProject section */
		1B8695BD268A68A3005856B6 /* Project object */ = {
			isa = PBXProject;
			attributes = {
				LastSwiftUpdateCheck = 1250;
				LastUpgradeCheck = 1250;
				TargetAttributes = {
					1B8695C4268A68A3005856B6 = {
						CreatedOnToolsVersion = 12.5.1;
					};
				};
			};
			buildConfigurationList = 1B8695C0268A68A3005856B6 /* Build configuration list for PBXProject "SwensonTask" */;
			compatibilityVersion = "Xcode 9.3";
			developmentRegion = en;
			hasScannedForEncodings = 0;
			knownRegions = (
				en,
				Base,
			);
			mainGroup = 1B8695BC268A68A3005856B6;
			productRefGroup = 1B8695C6268A68A3005856B6 /* Products */;
			projectDirPath = "";
			projectRoot = "";
			targets = (
				1B8695C4268A68A3005856B6 /* SwensonTask */,
			);
		};
/* End PBXProject section */

/* Begin PBXResourcesBuildPhase section */
		1B8695C3268A68A3005856B6 /* Resources */ = {
			isa = PBXResourcesBuildPhase;
			buildActionMask = 2147483647;
			files = (
				1B357935268BC86500752653 /* Roboto-Medium.ttf in Resources */,
				1B357937268BC86500752653 /* Roboto-Regular.ttf in Resources */,
				1B8695F8268A7C4F005856B6 /* CurrencyTableViewCell.xib in Resources */,
				1BEF7C5A268BD03E00FFE763 /* Converter.storyboard in Resources */,
				1B357936268BC86500752653 /* Roboto-Bold.ttf in Resources */,
				1B8695D5268A68A7005856B6 /* LaunchScreen.storyboard in Resources */,
				1B8695E7268A79BA005856B6 /* Currency.storyboard in Resources */,
				1B8695D2268A68A7005856B6 /* Assets.xcassets in Resources */,
			);
			runOnlyForDeploymentPostprocessing = 0;
		};
/* End PBXResourcesBuildPhase section */

/* Begin PBXShellScriptBuildPhase section */
		3B465E806829B0CD59BF6931 /* [CP] Embed Pods Frameworks */ = {
			isa = PBXShellScriptBuildPhase;
			buildActionMask = 2147483647;
			files = (
			);
			inputFileListPaths = (
				"${PODS_ROOT}/Target Support Files/Pods-SwensonTask/Pods-SwensonTask-frameworks-${CONFIGURATION}-input-files.xcfilelist",
			);
			name = "[CP] Embed Pods Frameworks";
			outputFileListPaths = (
				"${PODS_ROOT}/Target Support Files/Pods-SwensonTask/Pods-SwensonTask-frameworks-${CONFIGURATION}-output-files.xcfilelist",
			);
			runOnlyForDeploymentPostprocessing = 0;
			shellPath = /bin/sh;
			shellScript = "\"${PODS_ROOT}/Target Support Files/Pods-SwensonTask/Pods-SwensonTask-frameworks.sh\"\n";
			showEnvVarsInLog = 0;
		};
		99309D8FAE56B9016FB3E073 /* [CP] Check Pods Manifest.lock */ = {
			isa = PBXShellScriptBuildPhase;
			buildActionMask = 2147483647;
			files = (
			);
			inputFileListPaths = (
			);
			inputPaths = (
				"${PODS_PODFILE_DIR_PATH}/Podfile.lock",
				"${PODS_ROOT}/Manifest.lock",
			);
			name = "[CP] Check Pods Manifest.lock";
			outputFileListPaths = (
			);
			outputPaths = (
				"$(DERIVED_FILE_DIR)/Pods-SwensonTask-checkManifestLockResult.txt",
			);
			runOnlyForDeploymentPostprocessing = 0;
			shellPath = /bin/sh;
			shellScript = "diff \"${PODS_PODFILE_DIR_PATH}/Podfile.lock\" \"${PODS_ROOT}/Manifest.lock\" > /dev/null\nif [ $? != 0 ] ; then\n    # print error to STDERR\n    echo \"error: The sandbox is not in sync with the Podfile.lock. Run 'pod install' or update your CocoaPods installation.\" >&2\n    exit 1\nfi\n# This output is used by Xcode 'outputs' to avoid re-running this script phase.\necho \"SUCCESS\" > \"${SCRIPT_OUTPUT_FILE_0}\"\n";
			showEnvVarsInLog = 0;
		};
/* End PBXShellScriptBuildPhase section */

/* Begin PBXSourcesBuildPhase section */
		1B8695C1268A68A3005856B6 /* Sources */ = {
			isa = PBXSourcesBuildPhase;
			buildActionMask = 2147483647;
			files = (
				1B8695E4268A714C005856B6 /* Fibonacci.swift in Sources */,
				1B8695FF268A7DAF005856B6 /* Constants.swift in Sources */,
				1B869607268A87DE005856B6 /* Helper.swift in Sources */,
				1B869601268A7E79005856B6 /* CurrencyModel.swift in Sources */,
				1B8695E9268A79FF005856B6 /* CurrencyVC.swift in Sources */,
				1B869605268A8599005856B6 /* Double+Ext.swift in Sources */,
				1B8695DE268A69D4005856B6 /* ArithmeticOperators.swift in Sources */,
				1B8695C9268A68A3005856B6 /* AppDelegate.swift in Sources */,
				1B8695F7268A7C4F005856B6 /* CurrencyTableViewCell.swift in Sources */,
				1B8695F0268A7BEE005856B6 /* UITableView+Ext.swift in Sources */,
				1B8695E1268A6BEC005856B6 /* Anagrams.swift in Sources */,
				1B869603268A82AB005856B6 /* UIView+Ext.swift in Sources */,
				1B8695FD268A7CE6005856B6 /* ApiRouter.swift in Sources */,
				1B8695FA268A7C99005856B6 /* CurrencyViewModel.swift in Sources */,
				1BEF7C5C268BD16300FFE763 /* CurrencyConverterVC.swift in Sources */,
				1B357930268BC6F700752653 /* UIViewController+Ext.swift in Sources */,
				1B8695EC268A7A58005856B6 /* Gradiant.swift in Sources */,
			);
			runOnlyForDeploymentPostprocessing = 0;
		};
/* End PBXSourcesBuildPhase section */

/* Begin PBXVariantGroup section */
		1B8695D3268A68A7005856B6 /* LaunchScreen.storyboard */ = {
			isa = PBXVariantGroup;
			children = (
				1B8695D4268A68A7005856B6 /* Base */,
			);
			name = LaunchScreen.storyboard;
			sourceTree = "<group>";
		};
/* End PBXVariantGroup section */

/* Begin XCBuildConfiguration section */
		1B8695D7268A68A7005856B6 /* Debug */ = {
			isa = XCBuildConfiguration;
			buildSettings = {
				ALWAYS_SEARCH_USER_PATHS = NO;
				CLANG_ANALYZER_NONNULL = YES;
				CLANG_ANALYZER_NUMBER_OBJECT_CONVERSION = YES_AGGRESSIVE;
				CLANG_CXX_LANGUAGE_STANDARD = "gnu++14";
				CLANG_CXX_LIBRARY = "libc++";
				CLANG_ENABLE_MODULES = YES;
				CLANG_ENABLE_OBJC_ARC = YES;
				CLANG_ENABLE_OBJC_WEAK = YES;
				CLANG_WARN_BLOCK_CAPTURE_AUTORELEASING = YES;
				CLANG_WARN_BOOL_CONVERSION = YES;
				CLANG_WARN_COMMA = YES;
				CLANG_WARN_CONSTANT_CONVERSION = YES;
				CLANG_WARN_DEPRECATED_OBJC_IMPLEMENTATIONS = YES;
				CLANG_WARN_DIRECT_OBJC_ISA_USAGE = YES_ERROR;
				CLANG_WARN_DOCUMENTATION_COMMENTS = YES;
				CLANG_WARN_EMPTY_BODY = YES;
				CLANG_WARN_ENUM_CONVERSION = YES;
				CLANG_WARN_INFINITE_RECURSION = YES;
				CLANG_WARN_INT_CONVERSION = YES;
				CLANG_WARN_NON_LITERAL_NULL_CONVERSION = YES;
				CLANG_WARN_OBJC_IMPLICIT_RETAIN_SELF = YES;
				CLANG_WARN_OBJC_LITERAL_CONVERSION = YES;
				CLANG_WARN_OBJC_ROOT_CLASS = YES_ERROR;
				CLANG_WARN_QUOTED_INCLUDE_IN_FRAMEWORK_HEADER = YES;
				CLANG_WARN_RANGE_LOOP_ANALYSIS = YES;
				CLANG_WARN_STRICT_PROTOTYPES = YES;
				CLANG_WARN_SUSPICIOUS_MOVE = YES;
				CLANG_WARN_UNGUARDED_AVAILABILITY = YES_AGGRESSIVE;
				CLANG_WARN_UNREACHABLE_CODE = YES;
				CLANG_WARN__DUPLICATE_METHOD_MATCH = YES;
				COPY_PHASE_STRIP = NO;
				DEBUG_INFORMATION_FORMAT = dwarf;
				ENABLE_STRICT_OBJC_MSGSEND = YES;
				ENABLE_TESTABILITY = YES;
				GCC_C_LANGUAGE_STANDARD = gnu11;
				GCC_DYNAMIC_NO_PIC = NO;
				GCC_NO_COMMON_BLOCKS = YES;
				GCC_OPTIMIZATION_LEVEL = 0;
				GCC_PREPROCESSOR_DEFINITIONS = (
					"DEBUG=1",
					"$(inherited)",
				);
				GCC_WARN_64_TO_32_BIT_CONVERSION = YES;
				GCC_WARN_ABOUT_RETURN_TYPE = YES_ERROR;
				GCC_WARN_UNDECLARED_SELECTOR = YES;
				GCC_WARN_UNINITIALIZED_AUTOS = YES_AGGRESSIVE;
				GCC_WARN_UNUSED_FUNCTION = YES;
				GCC_WARN_UNUSED_VARIABLE = YES;
				IPHONEOS_DEPLOYMENT_TARGET = 14.5;
				MTL_ENABLE_DEBUG_INFO = INCLUDE_SOURCE;
				MTL_FAST_MATH = YES;
				ONLY_ACTIVE_ARCH = YES;
				SDKROOT = iphoneos;
				SWIFT_ACTIVE_COMPILATION_CONDITIONS = DEBUG;
				SWIFT_OPTIMIZATION_LEVEL = "-Onone";
			};
			name = Debug;
		};
		1B8695D8268A68A7005856B6 /* Release */ = {
			isa = XCBuildConfiguration;
			buildSettings = {
				ALWAYS_SEARCH_USER_PATHS = NO;
				CLANG_ANALYZER_NONNULL = YES;
				CLANG_ANALYZER_NUMBER_OBJECT_CONVERSION = YES_AGGRESSIVE;
				CLANG_CXX_LANGUAGE_STANDARD = "gnu++14";
				CLANG_CXX_LIBRARY = "libc++";
				CLANG_ENABLE_MODULES = YES;
				CLANG_ENABLE_OBJC_ARC = YES;
				CLANG_ENABLE_OBJC_WEAK = YES;
				CLANG_WARN_BLOCK_CAPTURE_AUTORELEASING = YES;
				CLANG_WARN_BOOL_CONVERSION = YES;
				CLANG_WARN_COMMA = YES;
				CLANG_WARN_CONSTANT_CONVERSION = YES;
				CLANG_WARN_DEPRECATED_OBJC_IMPLEMENTATIONS = YES;
				CLANG_WARN_DIRECT_OBJC_ISA_USAGE = YES_ERROR;
				CLANG_WARN_DOCUMENTATION_COMMENTS = YES;
				CLANG_WARN_EMPTY_BODY = YES;
				CLANG_WARN_ENUM_CONVERSION = YES;
				CLANG_WARN_INFINITE_RECURSION = YES;
				CLANG_WARN_INT_CONVERSION = YES;
				CLANG_WARN_NON_LITERAL_NULL_CONVERSION = YES;
				CLANG_WARN_OBJC_IMPLICIT_RETAIN_SELF = YES;
				CLANG_WARN_OBJC_LITERAL_CONVERSION = YES;
				CLANG_WARN_OBJC_ROOT_CLASS = YES_ERROR;
				CLANG_WARN_QUOTED_INCLUDE_IN_FRAMEWORK_HEADER = YES;
				CLANG_WARN_RANGE_LOOP_ANALYSIS = YES;
				CLANG_WARN_STRICT_PROTOTYPES = YES;
				CLANG_WARN_SUSPICIOUS_MOVE = YES;
				CLANG_WARN_UNGUARDED_AVAILABILITY = YES_AGGRESSIVE;
				CLANG_WARN_UNREACHABLE_CODE = YES;
				CLANG_WARN__DUPLICATE_METHOD_MATCH = YES;
				COPY_PHASE_STRIP = NO;
				DEBUG_INFORMATION_FORMAT = "dwarf-with-dsym";
				ENABLE_NS_ASSERTIONS = NO;
				ENABLE_STRICT_OBJC_MSGSEND = YES;
				GCC_C_LANGUAGE_STANDARD = gnu11;
				GCC_NO_COMMON_BLOCKS = YES;
				GCC_WARN_64_TO_32_BIT_CONVERSION = YES;
				GCC_WARN_ABOUT_RETURN_TYPE = YES_ERROR;
				GCC_WARN_UNDECLARED_SELECTOR = YES;
				GCC_WARN_UNINITIALIZED_AUTOS = YES_AGGRESSIVE;
				GCC_WARN_UNUSED_FUNCTION = YES;
				GCC_WARN_UNUSED_VARIABLE = YES;
				IPHONEOS_DEPLOYMENT_TARGET = 14.5;
				MTL_ENABLE_DEBUG_INFO = NO;
				MTL_FAST_MATH = YES;
				SDKROOT = iphoneos;
				SWIFT_COMPILATION_MODE = wholemodule;
				SWIFT_OPTIMIZATION_LEVEL = "-O";
				VALIDATE_PRODUCT = YES;
			};
			name = Release;
		};
		1B8695DA268A68A7005856B6 /* Debug */ = {
			isa = XCBuildConfiguration;
			baseConfigurationReference = D82157075E8D4C3B0AF8008D /* Pods-SwensonTask.debug.xcconfig */;
			buildSettings = {
				ASSETCATALOG_COMPILER_APPICON_NAME = AppIcon;
				ASSETCATALOG_COMPILER_GLOBAL_ACCENT_COLOR_NAME = AccentColor;
				CODE_SIGN_STYLE = Automatic;
				DEVELOPMENT_TEAM = QF986P8KVN;
				INFOPLIST_FILE = SwensonTask/Info.plist;
				LD_RUNPATH_SEARCH_PATHS = (
					"$(inherited)",
					"@executable_path/Frameworks",
				);
				PRODUCT_BUNDLE_IDENTIFIER = com.Eldewaik.SwensonTask;
				PRODUCT_NAME = "$(TARGET_NAME)";
				SWIFT_VERSION = 5.0;
				TARGETED_DEVICE_FAMILY = "1,2";
			};
			name = Debug;
		};
		1B8695DB268A68A7005856B6 /* Release */ = {
			isa = XCBuildConfiguration;
			baseConfigurationReference = 4D3FE374DE5C86E58B4660D9 /* Pods-SwensonTask.release.xcconfig */;
			buildSettings = {
				ASSETCATALOG_COMPILER_APPICON_NAME = AppIcon;
				ASSETCATALOG_COMPILER_GLOBAL_ACCENT_COLOR_NAME = AccentColor;
				CODE_SIGN_STYLE = Automatic;
				DEVELOPMENT_TEAM = QF986P8KVN;
				INFOPLIST_FILE = SwensonTask/Info.plist;
				LD_RUNPATH_SEARCH_PATHS = (
					"$(inherited)",
					"@executable_path/Frameworks",
				);
				PRODUCT_BUNDLE_IDENTIFIER = com.Eldewaik.SwensonTask;
				PRODUCT_NAME = "$(TARGET_NAME)";
				SWIFT_VERSION = 5.0;
				TARGETED_DEVICE_FAMILY = "1,2";
			};
			name = Release;
		};
/* End XCBuildConfiguration section */

/* Begin XCConfigurationList section */
		1B8695C0268A68A3005856B6 /* Build configuration list for PBXProject "SwensonTask" */ = {
			isa = XCConfigurationList;
			buildConfigurations = (
				1B8695D7268A68A7005856B6 /* Debug */,
				1B8695D8268A68A7005856B6 /* Release */,
			);
			defaultConfigurationIsVisible = 0;
			defaultConfigurationName = Release;
		};
		1B8695D9268A68A7005856B6 /* Build configuration list for PBXNativeTarget "SwensonTask" */ = {
			isa = XCConfigurationList;
			buildConfigurations = (
				1B8695DA268A68A7005856B6 /* Debug */,
				1B8695DB268A68A7005856B6 /* Release */,
			);
			defaultConfigurationIsVisible = 0;
			defaultConfigurationName = Release;
		};
/* End XCConfigurationList section */
	};
	rootObject = 1B8695BD268A68A3005856B6 /* Project object */;
}
